# This file is generated by running "yarn install" inside your project.
# Manual changes might be lost - proceed with caution!

__metadata:
  version: 8
  cacheKey: 10c0

"@types/node@npm:*":
  version: 14.14.20
  resolution: "@types/node@npm:14.14.20"
  checksum: 10c0/e7d85a34923dba7ec101c436344899fa4a0036f1dcec64a8a0aa1b650fe5087b9407dcf114ff44fa20dec2f78debb7243e5fe7368b0e15faae34c7fce3c148f2
  languageName: node
  linkType: hard

"@types/yauzl@npm:^2.9.1":
  version: 2.9.1
  resolution: "@types/yauzl@npm:2.9.1"
  dependencies:
    "@types/node": "npm:*"
  checksum: 10c0/eb6c6ec88e6122edd5dc7a80fc12546c55a8c890c465e59b0ccb519d236be6c25e0f883234f8f5e036ce0ac58fa804c6d5144fe85673842af9c8010ab710c4b6
  languageName: node
  linkType: hard

"agent-base@npm:5":
  version: 5.1.1
  resolution: "agent-base@npm:5.1.1"
  checksum: 10c0/3baa3f01072c16e3955ce7802166e576cde9831af82b262aae1c780af49c0c84e82e64ba9ef9e7d1704fe29e9f0096a78a4f998ec137360fee3cb95186f97161
  languageName: node
  linkType: hard

"balanced-match@npm:^1.0.0":
  version: 1.0.2
  resolution: "balanced-match@npm:1.0.2"
  checksum: 10c0/9308baf0a7e4838a82bbfd11e01b1cb0f0cf2893bc1676c27c2a8c0e70cbae1c59120c3268517a8ae7fb6376b4639ef81ca22582611dbee4ed28df945134aaee
  languageName: node
  linkType: hard

"base64-js@npm:^1.3.1":
  version: 1.5.1
  resolution: "base64-js@npm:1.5.1"
  checksum: 10c0/f23823513b63173a001030fae4f2dabe283b99a9d324ade3ad3d148e218134676f1ee8568c877cd79ec1c53158dcf2d2ba527a97c606618928ba99dd930102bf
  languageName: node
  linkType: hard

"bl@npm:^4.0.3":
  version: 4.0.3
  resolution: "bl@npm:4.0.3"
  dependencies:
    buffer: "npm:^5.5.0"
    inherits: "npm:^2.0.4"
    readable-stream: "npm:^3.4.0"
  checksum: 10c0/c7b0d5e5f96f3222aed169f82b6b443f7878f409e173f29702b7685a197409eb9a4a67bb23dc4537f41e542d83a596f1904718753bf42f19ce5fb781d694f01d
  languageName: node
  linkType: hard

"brace-expansion@npm:^1.1.7":
  version: 1.1.11
  resolution: "brace-expansion@npm:1.1.11"
  dependencies:
    balanced-match: "npm:^1.0.0"
    concat-map: "npm:0.0.1"
  checksum: 10c0/695a56cd058096a7cb71fb09d9d6a7070113c7be516699ed361317aca2ec169f618e28b8af352e02ab4233fb54eb0168460a40dc320bab0034b36ab59aaad668
  languageName: node
  linkType: hard

"buffer-crc32@npm:~0.2.3":
  version: 0.2.13
  resolution: "buffer-crc32@npm:0.2.13"
  checksum: 10c0/cb0a8ddf5cf4f766466db63279e47761eb825693eeba6a5a95ee4ec8cb8f81ede70aa7f9d8aeec083e781d47154290eb5d4d26b3f7a465ec57fb9e7d59c47150
  languageName: node
  linkType: hard

"buffer@npm:^5.2.1, buffer@npm:^5.5.0":
  version: 5.7.1
  resolution: "buffer@npm:5.7.1"
  dependencies:
    base64-js: "npm:^1.3.1"
    ieee754: "npm:^1.1.13"
  checksum: 10c0/27cac81cff434ed2876058d72e7c4789d11ff1120ef32c9de48f59eab58179b66710c488987d295ae89a228f835fc66d088652dffeb8e3ba8659f80eb091d55e
  languageName: node
  linkType: hard

"chownr@npm:^1.1.1":
  version: 1.1.4
  resolution: "chownr@npm:1.1.4"
  checksum: 10c0/ed57952a84cc0c802af900cf7136de643d3aba2eecb59d29344bc2f3f9bf703a301b9d84cdc71f82c3ffc9ccde831b0d92f5b45f91727d6c9da62f23aef9d9db
  languageName: node
  linkType: hard

"concat-map@npm:0.0.1":
  version: 0.0.1
  resolution: "concat-map@npm:0.0.1"
  checksum: 10c0/c996b1cfdf95b6c90fee4dae37e332c8b6eb7d106430c17d538034c0ad9a1630cb194d2ab37293b1bdd4d779494beee7786d586a50bd9376fd6f7bcc2bd4c98f
  languageName: node
  linkType: hard

"debug@npm:4, debug@npm:^4.1.0, debug@npm:^4.1.1":
  version: 4.3.1
  resolution: "debug@npm:4.3.1"
  dependencies:
    ms: "npm:2.1.2"
  peerDependenciesMeta:
    supports-color:
      optional: true
  checksum: 10c0/610bcc2eb07c533d6a9964478422f7d741095d67301888ee0b77b8f2ad0a15d115c93fb2adb13d10a9eda3d81f2d4d335405540b09596fb23aca070e77497d95
  languageName: node
  linkType: hard

"devtools-protocol@npm:0.0.818844":
  version: 0.0.818844
  resolution: "devtools-protocol@npm:0.0.818844"
  checksum: 10c0/5426f922699cb456b61ba8a951b753d2e250b1f7b3aed41bcddad40df5b7dda1dcdcf6d0d776314da53ec8fdeb961b31edadf20e3a5cb1bac50b5b9ec8b6cf51
  languageName: node
  linkType: hard

"end-of-stream@npm:^1.1.0, end-of-stream@npm:^1.4.1":
  version: 1.4.4
  resolution: "end-of-stream@npm:1.4.4"
  dependencies:
    once: "npm:^1.4.0"
  checksum: 10c0/870b423afb2d54bb8d243c63e07c170409d41e20b47eeef0727547aea5740bd6717aca45597a9f2745525667a6b804c1e7bede41f856818faee5806dd9ff3975
  languageName: node
  linkType: hard

"extract-zip@npm:^2.0.0":
  version: 2.0.1
  resolution: "extract-zip@npm:2.0.1"
  dependencies:
    "@types/yauzl": "npm:^2.9.1"
    debug: "npm:^4.1.1"
    get-stream: "npm:^5.1.0"
    yauzl: "npm:^2.10.0"
  dependenciesMeta:
    "@types/yauzl":
      optional: true
  bin:
    extract-zip: cli.js
  checksum: 10c0/9afbd46854aa15a857ae0341a63a92743a7b89c8779102c3b4ffc207516b2019337353962309f85c66ee3d9092202a83cdc26dbf449a11981272038443974aee
  languageName: node
  linkType: hard

"fd-slicer@npm:~1.1.0":
  version: 1.1.0
  resolution: "fd-slicer@npm:1.1.0"
  dependencies:
    pend: "npm:~1.2.0"
  checksum: 10c0/304dd70270298e3ffe3bcc05e6f7ade2511acc278bc52d025f8918b48b6aa3b77f10361bddfadfe2a28163f7af7adbdce96f4d22c31b2f648ba2901f0c5fc20e
  languageName: node
  linkType: hard

"find-up@npm:^4.0.0":
  version: 4.1.0
  resolution: "find-up@npm:4.1.0"
  dependencies:
    locate-path: "npm:^5.0.0"
    path-exists: "npm:^4.0.0"
  checksum: 10c0/0406ee89ebeefa2d507feb07ec366bebd8a6167ae74aa4e34fb4c4abd06cf782a3ce26ae4194d70706f72182841733f00551c209fe575cb00bd92104056e78c1
  languageName: node
  linkType: hard

"fs-constants@npm:^1.0.0":
  version: 1.0.0
  resolution: "fs-constants@npm:1.0.0"
  checksum: 10c0/a0cde99085f0872f4d244e83e03a46aa387b74f5a5af750896c6b05e9077fac00e9932fdf5aef84f2f16634cd473c63037d7a512576da7d5c2b9163d1909f3a8
  languageName: node
  linkType: hard

"fs.realpath@npm:^1.0.0":
  version: 1.0.0
  resolution: "fs.realpath@npm:1.0.0"
  checksum: 10c0/444cf1291d997165dfd4c0d58b69f0e4782bfd9149fd72faa4fe299e68e0e93d6db941660b37dd29153bf7186672ececa3b50b7e7249477b03fdf850f287c948
  languageName: node
  linkType: hard

"get-stream@npm:^5.1.0":
  version: 5.2.0
  resolution: "get-stream@npm:5.2.0"
  dependencies:
    pump: "npm:^3.0.0"
  checksum: 10c0/43797ffd815fbb26685bf188c8cfebecb8af87b3925091dd7b9a9c915993293d78e3c9e1bce125928ff92f2d0796f3889b92b5ec6d58d1041b574682132e0a80
  languageName: node
  linkType: hard

"glob@npm:^7.1.3":
  version: 7.1.6
  resolution: "glob@npm:7.1.6"
  dependencies:
    fs.realpath: "npm:^1.0.0"
    inflight: "npm:^1.0.4"
    inherits: "npm:2"
    minimatch: "npm:^3.0.4"
    once: "npm:^1.3.0"
    path-is-absolute: "npm:^1.0.0"
  checksum: 10c0/2575cce9306ac534388db751f0aa3e78afedb6af8f3b529ac6b2354f66765545145dba8530abf7bff49fb399a047d3f9b6901c38ee4c9503f592960d9af67763
  languageName: node
  linkType: hard

"https-proxy-agent@npm:^4.0.0":
  version: 4.0.0
  resolution: "https-proxy-agent@npm:4.0.0"
  dependencies:
    agent-base: "npm:5"
    debug: "npm:4"
  checksum: 10c0/fbba3e037ec04e1850e867064a763b86dd884baae9c5f4ad380504e321068c9e9b5de79cf2f3a28ede7c36036dce905b58d9f51703c5b3884d887114f4887f77
  languageName: node
  linkType: hard

"ieee754@npm:^1.1.13":
  version: 1.2.1
  resolution: "ieee754@npm:1.2.1"
  checksum: 10c0/b0782ef5e0935b9f12883a2e2aa37baa75da6e66ce6515c168697b42160807d9330de9a32ec1ed73149aea02e0d822e572bca6f1e22bdcbd2149e13b050b17bb
  languageName: node
  linkType: hard

"inflight@npm:^1.0.4":
  version: 1.0.6
  resolution: "inflight@npm:1.0.6"
  dependencies:
    once: "npm:^1.3.0"
    wrappy: "npm:1"
  checksum: 10c0/7faca22584600a9dc5b9fca2cd5feb7135ac8c935449837b315676b4c90aa4f391ec4f42240178244b5a34e8bede1948627fda392ca3191522fc46b34e985ab2
  languageName: node
  linkType: hard

"inherits@npm:2, inherits@npm:^2.0.3, inherits@npm:^2.0.4":
  version: 2.0.4
  resolution: "inherits@npm:2.0.4"
  checksum: 10c0/4e531f648b29039fb7426fb94075e6545faa1eb9fe83c29f0b6d9e7263aceb4289d2d4557db0d428188eeb449cc7c5e77b0a0b2c4e248ff2a65933a0dee49ef2
  languageName: node
  linkType: hard

"locate-path@npm:^5.0.0":
  version: 5.0.0
  resolution: "locate-path@npm:5.0.0"
  dependencies:
    p-locate: "npm:^4.1.0"
  checksum: 10c0/33a1c5247e87e022f9713e6213a744557a3e9ec32c5d0b5efb10aa3a38177615bf90221a5592674857039c1a0fd2063b82f285702d37b792d973e9e72ace6c59
  languageName: node
  linkType: hard

"minimatch@npm:^3.0.4":
  version: 3.1.2
  resolution: "minimatch@npm:3.1.2"
  dependencies:
    brace-expansion: "npm:^1.1.7"
  checksum: 10c0/0262810a8fc2e72cca45d6fd86bd349eee435eb95ac6aa45c9ea2180e7ee875ef44c32b55b5973ceabe95ea12682f6e3725cbb63d7a2d1da3ae1163c8b210311
  languageName: node
  linkType: hard

"mkdirp-classic@npm:^0.5.2":
  version: 0.5.3
  resolution: "mkdirp-classic@npm:0.5.3"
  checksum: 10c0/95371d831d196960ddc3833cc6907e6b8f67ac5501a6582f47dfae5eb0f092e9f8ce88e0d83afcae95d6e2b61a01741ba03714eeafb6f7a6e9dcc158ac85b168
  languageName: node
  linkType: hard

"ms@npm:2.1.2":
  version: 2.1.2
  resolution: "ms@npm:2.1.2"
  checksum: 10c0/a437714e2f90dbf881b5191d35a6db792efbca5badf112f87b9e1c712aace4b4b9b742dd6537f3edf90fd6f684de897cec230abde57e87883766712ddda297cc
  languageName: node
  linkType: hard

"node-fetch@npm:^2.6.1":
  version: 2.6.7
  resolution: "node-fetch@npm:2.6.7"
  dependencies:
    whatwg-url: "npm:^5.0.0"
  peerDependencies:
    encoding: ^0.1.0
  peerDependenciesMeta:
    encoding:
      optional: true
  checksum: 10c0/fcae80f5ac52fbf5012f5e19df2bd3915e67d3b3ad51cb5942943df2238d32ba15890fecabd0e166876a9f98a581ab50f3f10eb942b09405c49ef8da36b826c7
  languageName: node
  linkType: hard

"once@npm:^1.3.0, once@npm:^1.3.1, once@npm:^1.4.0":
  version: 1.4.0
  resolution: "once@npm:1.4.0"
  dependencies:
    wrappy: "npm:1"
  checksum: 10c0/5d48aca287dfefabd756621c5dfce5c91a549a93e9fdb7b8246bc4c4790aa2ec17b34a260530474635147aeb631a2dcc8b32c613df0675f96041cbb8244517d0
  languageName: node
  linkType: hard

"p-limit@npm:^2.2.0":
  version: 2.3.0
  resolution: "p-limit@npm:2.3.0"
  dependencies:
    p-try: "npm:^2.0.0"
  checksum: 10c0/8da01ac53efe6a627080fafc127c873da40c18d87b3f5d5492d465bb85ec7207e153948df6b9cbaeb130be70152f874229b8242ee2be84c0794082510af97f12
  languageName: node
  linkType: hard

"p-locate@npm:^4.1.0":
  version: 4.1.0
  resolution: "p-locate@npm:4.1.0"
  dependencies:
    p-limit: "npm:^2.2.0"
  checksum: 10c0/1b476ad69ad7f6059744f343b26d51ce091508935c1dbb80c4e0a2f397ffce0ca3a1f9f5cd3c7ce19d7929a09719d5c65fe70d8ee289c3f267cd36f2881813e9
  languageName: node
  linkType: hard

"p-try@npm:^2.0.0":
  version: 2.2.0
  resolution: "p-try@npm:2.2.0"
  checksum: 10c0/c36c19907734c904b16994e6535b02c36c2224d433e01a2f1ab777237f4d86e6289fd5fd464850491e940379d4606ed850c03e0f9ab600b0ebddb511312e177f
  languageName: node
  linkType: hard

"path-exists@npm:^4.0.0":
  version: 4.0.0
  resolution: "path-exists@npm:4.0.0"
  checksum: 10c0/8c0bd3f5238188197dc78dced15207a4716c51cc4e3624c44fc97acf69558f5ebb9a2afff486fe1b4ee148e0c133e96c5e11a9aa5c48a3006e3467da070e5e1b
  languageName: node
  linkType: hard

"path-is-absolute@npm:^1.0.0":
  version: 1.0.1
  resolution: "path-is-absolute@npm:1.0.1"
  checksum: 10c0/127da03c82172a2a50099cddbf02510c1791fc2cc5f7713ddb613a56838db1e8168b121a920079d052e0936c23005562059756d653b7c544c53185efe53be078
  languageName: node
  linkType: hard

"pend@npm:~1.2.0":
  version: 1.2.0
  resolution: "pend@npm:1.2.0"
  checksum: 10c0/8a87e63f7a4afcfb0f9f77b39bb92374afc723418b9cb716ee4257689224171002e07768eeade4ecd0e86f1fa3d8f022994219fb45634f2dbd78c6803e452458
  languageName: node
  linkType: hard

"pkg-dir@npm:^4.2.0":
  version: 4.2.0
  resolution: "pkg-dir@npm:4.2.0"
  dependencies:
    find-up: "npm:^4.0.0"
  checksum: 10c0/c56bda7769e04907a88423feb320babaed0711af8c436ce3e56763ab1021ba107c7b0cafb11cde7529f669cfc22bffcaebffb573645cbd63842ea9fb17cd7728
  languageName: node
  linkType: hard

"progress@npm:^2.0.1":
  version: 2.0.3
  resolution: "progress@npm:2.0.3"
  checksum: 10c0/1697e07cb1068055dbe9fe858d242368ff5d2073639e652b75a7eb1f2a1a8d4afd404d719de23c7b48481a6aa0040686310e2dac2f53d776daa2176d3f96369c
  languageName: node
  linkType: hard

"proxy-from-env@npm:^1.0.0":
  version: 1.1.0
  resolution: "proxy-from-env@npm:1.1.0"
  checksum: 10c0/fe7dd8b1bdbbbea18d1459107729c3e4a2243ca870d26d34c2c1bcd3e4425b7bcc5112362df2d93cc7fb9746f6142b5e272fd1cc5c86ddf8580175186f6ad42b
  languageName: node
  linkType: hard

"pump@npm:^3.0.0":
  version: 3.0.0
  resolution: "pump@npm:3.0.0"
  dependencies:
    end-of-stream: "npm:^1.1.0"
    once: "npm:^1.3.1"
  checksum: 10c0/bbdeda4f747cdf47db97428f3a135728669e56a0ae5f354a9ac5b74556556f5446a46f720a8f14ca2ece5be9b4d5d23c346db02b555f46739934cc6c093a5478
  languageName: node
  linkType: hard

"puppeteer@npm:^5.5.0":
  version: 5.5.0
  resolution: "puppeteer@npm:5.5.0"
  dependencies:
    debug: "npm:^4.1.0"
    devtools-protocol: "npm:0.0.818844"
    extract-zip: "npm:^2.0.0"
    https-proxy-agent: "npm:^4.0.0"
    node-fetch: "npm:^2.6.1"
    pkg-dir: "npm:^4.2.0"
    progress: "npm:^2.0.1"
    proxy-from-env: "npm:^1.0.0"
    rimraf: "npm:^3.0.2"
    tar-fs: "npm:^2.0.0"
    unbzip2-stream: "npm:^1.3.3"
    ws: "npm:^7.2.3"
  checksum: 10c0/464a63a6f83e86cd61d84c1e910d87ec4c9e39db4989f9e4bd670e37235b969ae1a71f700e4c22a0a2d6d39087e5f9b8fd8672aa7847fa64e5c8c759d14f910d
  languageName: node
  linkType: hard

"readable-stream@npm:^3.1.1, readable-stream@npm:^3.4.0":
  version: 3.6.0
  resolution: "readable-stream@npm:3.6.0"
  dependencies:
    inherits: "npm:^2.0.3"
    string_decoder: "npm:^1.1.1"
    util-deprecate: "npm:^1.0.1"
  checksum: 10c0/937bedd29ac8a68331666291922bea892fa2be1a33269e582de9f844a2002f146cf831e39cd49fe6a378d3f0c27358f259ed0e20d20f0bdc6a3f8fc21fce42dc
  languageName: node
  linkType: hard

"rimraf@npm:^3.0.2":
  version: 3.0.2
  resolution: "rimraf@npm:3.0.2"
  dependencies:
    glob: "npm:^7.1.3"
  bin:
    rimraf: bin.js
  checksum: 10c0/9cb7757acb489bd83757ba1a274ab545eafd75598a9d817e0c3f8b164238dd90eba50d6b848bd4dcc5f3040912e882dc7ba71653e35af660d77b25c381d402e8
  languageName: node
  linkType: hard

"root-workspace-0b6124@workspace:.":
  version: 0.0.0-use.local
  resolution: "root-workspace-0b6124@workspace:."
  dependencies:
    puppeteer: "npm:^5.5.0"
  languageName: unknown
  linkType: soft

"safe-buffer@npm:~5.2.0":
  version: 5.2.1
  resolution: "safe-buffer@npm:5.2.1"
  checksum: 10c0/6501914237c0a86e9675d4e51d89ca3c21ffd6a31642efeba25ad65720bce6921c9e7e974e5be91a786b25aa058b5303285d3c15dbabf983a919f5f630d349f3
  languageName: node
  linkType: hard

"string_decoder@npm:^1.1.1":
  version: 1.3.0
  resolution: "string_decoder@npm:1.3.0"
  dependencies:
    safe-buffer: "npm:~5.2.0"
  checksum: 10c0/810614ddb030e271cd591935dcd5956b2410dd079d64ff92a1844d6b7588bf992b3e1b69b0f4d34a3e06e0bd73046ac646b5264c1987b20d0601f81ef35d731d
  languageName: node
  linkType: hard

"tar-fs@npm:^2.0.0":
  version: 2.1.1
  resolution: "tar-fs@npm:2.1.1"
  dependencies:
    chownr: "npm:^1.1.1"
    mkdirp-classic: "npm:^0.5.2"
    pump: "npm:^3.0.0"
    tar-stream: "npm:^2.1.4"
  checksum: 10c0/871d26a934bfb7beeae4c4d8a09689f530b565f79bd0cf489823ff0efa3705da01278160da10bb006d1a793fa0425cf316cec029b32a9159eacbeaff4965fb6d
  languageName: node
  linkType: hard

"tar-stream@npm:^2.1.4":
  version: 2.2.0
  resolution: "tar-stream@npm:2.2.0"
  dependencies:
    bl: "npm:^4.0.3"
    end-of-stream: "npm:^1.4.1"
    fs-constants: "npm:^1.0.0"
    inherits: "npm:^2.0.3"
    readable-stream: "npm:^3.1.1"
  checksum: 10c0/2f4c910b3ee7196502e1ff015a7ba321ec6ea837667220d7bcb8d0852d51cb04b87f7ae471008a6fb8f5b1a1b5078f62f3a82d30c706f20ada1238ac797e7692
  languageName: node
  linkType: hard

"through@npm:^2.3.8":
  version: 2.3.8
  resolution: "through@npm:2.3.8"
  checksum: 10c0/4b09f3774099de0d4df26d95c5821a62faee32c7e96fb1f4ebd54a2d7c11c57fe88b0a0d49cf375de5fee5ae6bf4eb56dbbf29d07366864e2ee805349970d3cc
  languageName: node
  linkType: hard

"tr46@npm:~0.0.3":
  version: 0.0.3
  resolution: "tr46@npm:0.0.3"
  checksum: 10c0/047cb209a6b60c742f05c9d3ace8fa510bff609995c129a37ace03476a9b12db4dbf975e74600830ef0796e18882b2381fb5fb1f6b4f96b832c374de3ab91a11
  languageName: node
  linkType: hard

"unbzip2-stream@npm:^1.3.3":
  version: 1.4.3
  resolution: "unbzip2-stream@npm:1.4.3"
  dependencies:
    buffer: "npm:^5.2.1"
    through: "npm:^2.3.8"
  checksum: 10c0/2ea2048f3c9db3499316ccc1d95ff757017ccb6f46c812d7c42466247e3b863fb178864267482f7f178254214247779daf68e85f50bd7736c3c97ba2d58b910a
  languageName: node
  linkType: hard

"util-deprecate@npm:^1.0.1":
  version: 1.0.2
  resolution: "util-deprecate@npm:1.0.2"
  checksum: 10c0/41a5bdd214df2f6c3ecf8622745e4a366c4adced864bc3c833739791aeeeb1838119af7daed4ba36428114b5c67dcda034a79c882e97e43c03e66a4dd7389942
  languageName: node
  linkType: hard

"webidl-conversions@npm:^3.0.0":
  version: 3.0.1
  resolution: "webidl-conversions@npm:3.0.1"
  checksum: 10c0/5612d5f3e54760a797052eb4927f0ddc01383550f542ccd33d5238cfd65aeed392a45ad38364970d0a0f4fea32e1f4d231b3d8dac4a3bdd385e5cf802ae097db
  languageName: node
  linkType: hard

"whatwg-url@npm:^5.0.0":
  version: 5.0.0
  resolution: "whatwg-url@npm:5.0.0"
  dependencies:
    tr46: "npm:~0.0.3"
    webidl-conversions: "npm:^3.0.0"
  checksum: 10c0/1588bed84d10b72d5eec1d0faa0722ba1962f1821e7539c535558fb5398d223b0c50d8acab950b8c488b4ba69043fd833cc2697056b167d8ad46fac3995a55d5
  languageName: node
  linkType: hard

"wrappy@npm:1":
  version: 1.0.2
  resolution: "wrappy@npm:1.0.2"
  checksum: 10c0/56fece1a4018c6a6c8e28fbc88c87e0fbf4ea8fd64fc6c63b18f4acc4bd13e0ad2515189786dd2c30d3eec9663d70f4ecf699330002f8ccb547e4a18231fc9f0
  languageName: node
  linkType: hard

"ws@npm:^7.2.3":
  version: 7.4.6
  resolution: "ws@npm:7.4.6"
  peerDependencies:
    bufferutil: ^4.0.1
    utf-8-validate: ^5.0.2
  peerDependenciesMeta:
    bufferutil:
      optional: true
    utf-8-validate:
      optional: true
  checksum: 10c0/4b44b59bbc0549c852fb2f0cdb48e40e122a1b6078aeed3d65557cbeb7d37dda7a4f0027afba2e6a7a695de17701226d02b23bd15c97b0837808c16345c62f8e
  languageName: node
  linkType: hard

"yauzl@npm:^2.10.0":
  version: 2.10.0
  resolution: "yauzl@npm:2.10.0"
  dependencies:
    buffer-crc32: "npm:~0.2.3"
    fd-slicer: "npm:~1.1.0"
  checksum: 10c0/f265002af7541b9ec3589a27f5fb8f11cf348b53cc15e2751272e3c062cd73f3e715bc72d43257de71bbaecae446c3f1b14af7559e8ab0261625375541816422
  languageName: node
  linkType: hard
